// !$*UTF8*$!
{
	archiveVersion = 1;
	classes = {
	};
	objectVersion = 51;
	objects = {

/* Begin PBXBuildFile section */
		671B3B3726A5759400E8E589 /* ListsChoiseController.swift in Sources */ = {isa = PBXBuildFile; fileRef = 671B3B3626A5759300E8E589 /* ListsChoiseController.swift */; };
		671B3B3926A57C2200E8E589 /* ListsChoisePresenter.swift in Sources */ = {isa = PBXBuildFile; fileRef = 671B3B3826A57C2200E8E589 /* ListsChoisePresenter.swift */; };
		671B3B3B26A57CD100E8E589 /* ListsChoiseCoordinator.swift in Sources */ = {isa = PBXBuildFile; fileRef = 671B3B3A26A57CD100E8E589 /* ListsChoiseCoordinator.swift */; };
		6730C1AE269D6935005A5297 /* AppDelegate.swift in Sources */ = {isa = PBXBuildFile; fileRef = 6730C1AD269D6935005A5297 /* AppDelegate.swift */; };
		6730C1B0269D6935005A5297 /* SceneDelegate.swift in Sources */ = {isa = PBXBuildFile; fileRef = 6730C1AF269D6935005A5297 /* SceneDelegate.swift */; };
		6730C1B2269D6935005A5297 /* ListsController.swift in Sources */ = {isa = PBXBuildFile; fileRef = 6730C1B1269D6935005A5297 /* ListsController.swift */; };
		6730C1B7269D693C005A5297 /* Assets.xcassets in Resources */ = {isa = PBXBuildFile; fileRef = 6730C1B6269D693C005A5297 /* Assets.xcassets */; };
		6730C1BA269D693C005A5297 /* LaunchScreen.storyboard in Resources */ = {isa = PBXBuildFile; fileRef = 6730C1B8269D693C005A5297 /* LaunchScreen.storyboard */; };
		6730C1C4269D6A1A005A5297 /* UIView extensions.swift in Sources */ = {isa = PBXBuildFile; fileRef = 6730C1C3269D6A1A005A5297 /* UIView extensions.swift */; };
		6730C1C7269D6A38005A5297 /* Color.swift in Sources */ = {isa = PBXBuildFile; fileRef = 6730C1C6269D6A38005A5297 /* Color.swift */; };
		6730C1CA269D70EC005A5297 /* ListModel.swift in Sources */ = {isa = PBXBuildFile; fileRef = 6730C1C9269D70EC005A5297 /* ListModel.swift */; };
		67331CA9269ECB46007A2948 /* RealmService.swift in Sources */ = {isa = PBXBuildFile; fileRef = 67331CA8269ECB46007A2948 /* RealmService.swift */; };
		67331CAC269ECBBE007A2948 /* DataManager.swift in Sources */ = {isa = PBXBuildFile; fileRef = 67331CAB269ECBBE007A2948 /* DataManager.swift */; };
		67331CAF269ED26E007A2948 /* NewListController.swift in Sources */ = {isa = PBXBuildFile; fileRef = 67331CAE269ED26E007A2948 /* NewListController.swift */; };
		67331CB1269ED280007A2948 /* NewListPresenter.swift in Sources */ = {isa = PBXBuildFile; fileRef = 67331CB0269ED280007A2948 /* NewListPresenter.swift */; };
		67331CB3269ED544007A2948 /* TextFieldCell.swift in Sources */ = {isa = PBXBuildFile; fileRef = 67331CB2269ED544007A2948 /* TextFieldCell.swift */; };
		67331CB5269ED875007A2948 /* NewListCoordinator.swift in Sources */ = {isa = PBXBuildFile; fileRef = 67331CB4269ED875007A2948 /* NewListCoordinator.swift */; };
		67331CB8269EDBAC007A2948 /* NewListSection.swift in Sources */ = {isa = PBXBuildFile; fileRef = 67331CB7269EDBAC007A2948 /* NewListSection.swift */; };
		673815C826A5A65C00CACF1A /* ReminderController.swift in Sources */ = {isa = PBXBuildFile; fileRef = 673815C726A5A65C00CACF1A /* ReminderController.swift */; };
		673815CA26A5AF3F00CACF1A /* ReminderCoordinator.swift in Sources */ = {isa = PBXBuildFile; fileRef = 673815C926A5AF3F00CACF1A /* ReminderCoordinator.swift */; };
		673815CC26A5B00000CACF1A /* ReminderPresenter.swift in Sources */ = {isa = PBXBuildFile; fileRef = 673815CB26A5B00000CACF1A /* ReminderPresenter.swift */; };
		673815CF26A5C32600CACF1A /* Reminder.swift in Sources */ = {isa = PBXBuildFile; fileRef = 673815CE26A5C32500CACF1A /* Reminder.swift */; };
		673815D126A5C39200CACF1A /* NotificationManager.swift in Sources */ = {isa = PBXBuildFile; fileRef = 673815D026A5C39200CACF1A /* NotificationManager.swift */; };
		6743FC7E269D83A900CAFA15 /* Coordinator.swift in Sources */ = {isa = PBXBuildFile; fileRef = 6743FC7D269D83A900CAFA15 /* Coordinator.swift */; };
		6743FC81269D861400CAFA15 /* ListsCoordinator.swift in Sources */ = {isa = PBXBuildFile; fileRef = 6743FC80269D861400CAFA15 /* ListsCoordinator.swift */; };
		6743FC83269D862400CAFA15 /* AppCoordinator.swift in Sources */ = {isa = PBXBuildFile; fileRef = 6743FC82269D862400CAFA15 /* AppCoordinator.swift */; };
		6743FC85269D934000CAFA15 /* ListsPresenter.swift in Sources */ = {isa = PBXBuildFile; fileRef = 6743FC84269D934000CAFA15 /* ListsPresenter.swift */; };
		6743FC87269D944500CAFA15 /* AssemblyModuleBuilder.swift in Sources */ = {isa = PBXBuildFile; fileRef = 6743FC86269D944500CAFA15 /* AssemblyModuleBuilder.swift */; };
		6743FC8A269DA14B00CAFA15 /* TasksController.swift in Sources */ = {isa = PBXBuildFile; fileRef = 6743FC89269DA14B00CAFA15 /* TasksController.swift */; };
		6743FC8C269DA1DA00CAFA15 /* Task.swift in Sources */ = {isa = PBXBuildFile; fileRef = 6743FC8B269DA1DA00CAFA15 /* Task.swift */; };
		6743FC8E269DA2CE00CAFA15 /* TasksCoordinator.swift in Sources */ = {isa = PBXBuildFile; fileRef = 6743FC8D269DA2CE00CAFA15 /* TasksCoordinator.swift */; };
		6743FC90269DA59F00CAFA15 /* TasksPresenter.swift in Sources */ = {isa = PBXBuildFile; fileRef = 6743FC8F269DA59E00CAFA15 /* TasksPresenter.swift */; };
		6743FC94269DC22800CAFA15 /* TaskCell.swift in Sources */ = {isa = PBXBuildFile; fileRef = 6743FC93269DC22800CAFA15 /* TaskCell.swift */; };
		6743FC96269DC4BB00CAFA15 /* TasksSection.swift in Sources */ = {isa = PBXBuildFile; fileRef = 6743FC95269DC4BB00CAFA15 /* TasksSection.swift */; };
		6748CC0026A1CEA200C044DA /* Image.swift in Sources */ = {isa = PBXBuildFile; fileRef = 6748CBFF26A1CEA200C044DA /* Image.swift */; };
		677F51D726A4461F002B943B /* EditTaskSection.swift in Sources */ = {isa = PBXBuildFile; fileRef = 677F51D626A4461F002B943B /* EditTaskSection.swift */; };
		677F51D926A44A26002B943B /* EditTaskTextFieldCell.swift in Sources */ = {isa = PBXBuildFile; fileRef = 677F51D826A44A26002B943B /* EditTaskTextFieldCell.swift */; };
		677F51DB26A44BD0002B943B /* EditTaskTextViewCell.swift in Sources */ = {isa = PBXBuildFile; fileRef = 677F51DA26A44BD0002B943B /* EditTaskTextViewCell.swift */; };
		67D0833726A2CB8F0028ECCD /* EditTaskController.swift in Sources */ = {isa = PBXBuildFile; fileRef = 67D0833626A2CB8F0028ECCD /* EditTaskController.swift */; };
		67D0833926A2D49E0028ECCD /* EditTaskPresenter.swift in Sources */ = {isa = PBXBuildFile; fileRef = 67D0833826A2D49E0028ECCD /* EditTaskPresenter.swift */; };
		67D0833B26A2D5390028ECCD /* EditTaskCoordinator.swift in Sources */ = {isa = PBXBuildFile; fileRef = 67D0833A26A2D5390028ECCD /* EditTaskCoordinator.swift */; };
		67F9408B26A0474300DF50AB /* NewTaskController.swift in Sources */ = {isa = PBXBuildFile; fileRef = 67F9408A26A0474300DF50AB /* NewTaskController.swift */; };
		67F9408D26A0499000DF50AB /* NewTaskCoordinator.swift in Sources */ = {isa = PBXBuildFile; fileRef = 67F9408C26A0499000DF50AB /* NewTaskCoordinator.swift */; };
		67F9408F26A04A7C00DF50AB /* NewTaskPresenter.swift in Sources */ = {isa = PBXBuildFile; fileRef = 67F9408E26A04A7C00DF50AB /* NewTaskPresenter.swift */; };
		67F9409226A0555700DF50AB /* TaskSearchController.swift in Sources */ = {isa = PBXBuildFile; fileRef = 67F9409126A0555700DF50AB /* TaskSearchController.swift */; };
		67F9409426A05C7300DF50AB /* TaskSearchPresenter.swift in Sources */ = {isa = PBXBuildFile; fileRef = 67F9409326A05C7300DF50AB /* TaskSearchPresenter.swift */; };
		67F9409626A05D3E00DF50AB /* TaskSearchCoordinator.swift in Sources */ = {isa = PBXBuildFile; fileRef = 67F9409526A05D3E00DF50AB /* TaskSearchCoordinator.swift */; };
		67F9409826A0748C00DF50AB /* CustomPresentationController.swift in Sources */ = {isa = PBXBuildFile; fileRef = 67F9409726A0748C00DF50AB /* CustomPresentationController.swift */; };
		67F9409A26A0762900DF50AB /* UINavigationController extensions.swift in Sources */ = {isa = PBXBuildFile; fileRef = 67F9409926A0762900DF50AB /* UINavigationController extensions.swift */; };
		9C554772B9A35BD48127FAEA /* Pods_to_do_list.framework in Frameworks */ = {isa = PBXBuildFile; fileRef = EBCB77ED85E5EA875448AB8B /* Pods_to_do_list.framework */; };
/* End PBXBuildFile section */

/* Begin PBXFileReference section */
		671B3B3626A5759300E8E589 /* ListsChoiseController.swift */ = {isa = PBXFileReference; lastKnownFileType = sourcecode.swift; path = ListsChoiseController.swift; sourceTree = "<group>"; };
		671B3B3826A57C2200E8E589 /* ListsChoisePresenter.swift */ = {isa = PBXFileReference; lastKnownFileType = sourcecode.swift; path = ListsChoisePresenter.swift; sourceTree = "<group>"; };
		671B3B3A26A57CD100E8E589 /* ListsChoiseCoordinator.swift */ = {isa = PBXFileReference; lastKnownFileType = sourcecode.swift; path = ListsChoiseCoordinator.swift; sourceTree = "<group>"; };
		6730C1AA269D6935005A5297 /* to-do-list.app */ = {isa = PBXFileReference; explicitFileType = wrapper.application; includeInIndex = 0; path = "to-do-list.app"; sourceTree = BUILT_PRODUCTS_DIR; };
		6730C1AD269D6935005A5297 /* AppDelegate.swift */ = {isa = PBXFileReference; lastKnownFileType = sourcecode.swift; path = AppDelegate.swift; sourceTree = "<group>"; };
		6730C1AF269D6935005A5297 /* SceneDelegate.swift */ = {isa = PBXFileReference; lastKnownFileType = sourcecode.swift; path = SceneDelegate.swift; sourceTree = "<group>"; };
		6730C1B1269D6935005A5297 /* ListsController.swift */ = {isa = PBXFileReference; lastKnownFileType = sourcecode.swift; path = ListsController.swift; sourceTree = "<group>"; };
		6730C1B6269D693C005A5297 /* Assets.xcassets */ = {isa = PBXFileReference; lastKnownFileType = folder.assetcatalog; path = Assets.xcassets; sourceTree = "<group>"; };
		6730C1B9269D693C005A5297 /* Base */ = {isa = PBXFileReference; lastKnownFileType = file.storyboard; name = Base; path = Base.lproj/LaunchScreen.storyboard; sourceTree = "<group>"; };
		6730C1BB269D693C005A5297 /* Info.plist */ = {isa = PBXFileReference; lastKnownFileType = text.plist.xml; path = Info.plist; sourceTree = "<group>"; };
		6730C1C3269D6A1A005A5297 /* UIView extensions.swift */ = {isa = PBXFileReference; lastKnownFileType = sourcecode.swift; path = "UIView extensions.swift"; sourceTree = "<group>"; };
		6730C1C6269D6A38005A5297 /* Color.swift */ = {isa = PBXFileReference; lastKnownFileType = sourcecode.swift; path = Color.swift; sourceTree = "<group>"; };
		6730C1C9269D70EC005A5297 /* ListModel.swift */ = {isa = PBXFileReference; lastKnownFileType = sourcecode.swift; path = ListModel.swift; sourceTree = "<group>"; };
		67331CA8269ECB46007A2948 /* RealmService.swift */ = {isa = PBXFileReference; lastKnownFileType = sourcecode.swift; path = RealmService.swift; sourceTree = "<group>"; };
		67331CAB269ECBBE007A2948 /* DataManager.swift */ = {isa = PBXFileReference; lastKnownFileType = sourcecode.swift; path = DataManager.swift; sourceTree = "<group>"; };
		67331CAE269ED26E007A2948 /* NewListController.swift */ = {isa = PBXFileReference; lastKnownFileType = sourcecode.swift; path = NewListController.swift; sourceTree = "<group>"; };
		67331CB0269ED280007A2948 /* NewListPresenter.swift */ = {isa = PBXFileReference; lastKnownFileType = sourcecode.swift; path = NewListPresenter.swift; sourceTree = "<group>"; };
		67331CB2269ED544007A2948 /* TextFieldCell.swift */ = {isa = PBXFileReference; lastKnownFileType = sourcecode.swift; path = TextFieldCell.swift; sourceTree = "<group>"; };
		67331CB4269ED875007A2948 /* NewListCoordinator.swift */ = {isa = PBXFileReference; lastKnownFileType = sourcecode.swift; path = NewListCoordinator.swift; sourceTree = "<group>"; };
		67331CB7269EDBAC007A2948 /* NewListSection.swift */ = {isa = PBXFileReference; lastKnownFileType = sourcecode.swift; path = NewListSection.swift; sourceTree = "<group>"; };
		673815C726A5A65C00CACF1A /* ReminderController.swift */ = {isa = PBXFileReference; lastKnownFileType = sourcecode.swift; path = ReminderController.swift; sourceTree = "<group>"; };
		673815C926A5AF3F00CACF1A /* ReminderCoordinator.swift */ = {isa = PBXFileReference; lastKnownFileType = sourcecode.swift; path = ReminderCoordinator.swift; sourceTree = "<group>"; };
		673815CB26A5B00000CACF1A /* ReminderPresenter.swift */ = {isa = PBXFileReference; lastKnownFileType = sourcecode.swift; path = ReminderPresenter.swift; sourceTree = "<group>"; };
		673815CE26A5C32500CACF1A /* Reminder.swift */ = {isa = PBXFileReference; lastKnownFileType = sourcecode.swift; path = Reminder.swift; sourceTree = "<group>"; };
		673815D026A5C39200CACF1A /* NotificationManager.swift */ = {isa = PBXFileReference; lastKnownFileType = sourcecode.swift; path = NotificationManager.swift; sourceTree = "<group>"; };
		6743FC7D269D83A900CAFA15 /* Coordinator.swift */ = {isa = PBXFileReference; lastKnownFileType = sourcecode.swift; path = Coordinator.swift; sourceTree = "<group>"; };
		6743FC80269D861400CAFA15 /* ListsCoordinator.swift */ = {isa = PBXFileReference; lastKnownFileType = sourcecode.swift; path = ListsCoordinator.swift; sourceTree = "<group>"; };
		6743FC82269D862400CAFA15 /* AppCoordinator.swift */ = {isa = PBXFileReference; lastKnownFileType = sourcecode.swift; path = AppCoordinator.swift; sourceTree = "<group>"; };
		6743FC84269D934000CAFA15 /* ListsPresenter.swift */ = {isa = PBXFileReference; lastKnownFileType = sourcecode.swift; path = ListsPresenter.swift; sourceTree = "<group>"; };
		6743FC86269D944500CAFA15 /* AssemblyModuleBuilder.swift */ = {isa = PBXFileReference; lastKnownFileType = sourcecode.swift; path = AssemblyModuleBuilder.swift; sourceTree = "<group>"; };
		6743FC89269DA14B00CAFA15 /* TasksController.swift */ = {isa = PBXFileReference; lastKnownFileType = sourcecode.swift; path = TasksController.swift; sourceTree = "<group>"; };
		6743FC8B269DA1DA00CAFA15 /* Task.swift */ = {isa = PBXFileReference; lastKnownFileType = sourcecode.swift; path = Task.swift; sourceTree = "<group>"; };
		6743FC8D269DA2CE00CAFA15 /* TasksCoordinator.swift */ = {isa = PBXFileReference; lastKnownFileType = sourcecode.swift; path = TasksCoordinator.swift; sourceTree = "<group>"; };
		6743FC8F269DA59E00CAFA15 /* TasksPresenter.swift */ = {isa = PBXFileReference; lastKnownFileType = sourcecode.swift; path = TasksPresenter.swift; sourceTree = "<group>"; };
		6743FC93269DC22800CAFA15 /* TaskCell.swift */ = {isa = PBXFileReference; lastKnownFileType = sourcecode.swift; path = TaskCell.swift; sourceTree = "<group>"; };
		6743FC95269DC4BB00CAFA15 /* TasksSection.swift */ = {isa = PBXFileReference; lastKnownFileType = sourcecode.swift; path = TasksSection.swift; sourceTree = "<group>"; };
		6748CBFF26A1CEA200C044DA /* Image.swift */ = {isa = PBXFileReference; lastKnownFileType = sourcecode.swift; path = Image.swift; sourceTree = "<group>"; };
		677F51D626A4461F002B943B /* EditTaskSection.swift */ = {isa = PBXFileReference; lastKnownFileType = sourcecode.swift; path = EditTaskSection.swift; sourceTree = "<group>"; };
		677F51D826A44A26002B943B /* EditTaskTextFieldCell.swift */ = {isa = PBXFileReference; lastKnownFileType = sourcecode.swift; path = EditTaskTextFieldCell.swift; sourceTree = "<group>"; };
		677F51DA26A44BD0002B943B /* EditTaskTextViewCell.swift */ = {isa = PBXFileReference; lastKnownFileType = sourcecode.swift; path = EditTaskTextViewCell.swift; sourceTree = "<group>"; };
		67D0833626A2CB8F0028ECCD /* EditTaskController.swift */ = {isa = PBXFileReference; lastKnownFileType = sourcecode.swift; path = EditTaskController.swift; sourceTree = "<group>"; };
		67D0833826A2D49E0028ECCD /* EditTaskPresenter.swift */ = {isa = PBXFileReference; lastKnownFileType = sourcecode.swift; path = EditTaskPresenter.swift; sourceTree = "<group>"; };
		67D0833A26A2D5390028ECCD /* EditTaskCoordinator.swift */ = {isa = PBXFileReference; lastKnownFileType = sourcecode.swift; path = EditTaskCoordinator.swift; sourceTree = "<group>"; };
		67F9408A26A0474300DF50AB /* NewTaskController.swift */ = {isa = PBXFileReference; lastKnownFileType = sourcecode.swift; path = NewTaskController.swift; sourceTree = "<group>"; };
		67F9408C26A0499000DF50AB /* NewTaskCoordinator.swift */ = {isa = PBXFileReference; lastKnownFileType = sourcecode.swift; path = NewTaskCoordinator.swift; sourceTree = "<group>"; };
		67F9408E26A04A7C00DF50AB /* NewTaskPresenter.swift */ = {isa = PBXFileReference; lastKnownFileType = sourcecode.swift; path = NewTaskPresenter.swift; sourceTree = "<group>"; };
		67F9409126A0555700DF50AB /* TaskSearchController.swift */ = {isa = PBXFileReference; lastKnownFileType = sourcecode.swift; path = TaskSearchController.swift; sourceTree = "<group>"; };
		67F9409326A05C7300DF50AB /* TaskSearchPresenter.swift */ = {isa = PBXFileReference; lastKnownFileType = sourcecode.swift; path = TaskSearchPresenter.swift; sourceTree = "<group>"; };
		67F9409526A05D3E00DF50AB /* TaskSearchCoordinator.swift */ = {isa = PBXFileReference; lastKnownFileType = sourcecode.swift; path = TaskSearchCoordinator.swift; sourceTree = "<group>"; };
		67F9409726A0748C00DF50AB /* CustomPresentationController.swift */ = {isa = PBXFileReference; lastKnownFileType = sourcecode.swift; path = CustomPresentationController.swift; sourceTree = "<group>"; };
		67F9409926A0762900DF50AB /* UINavigationController extensions.swift */ = {isa = PBXFileReference; lastKnownFileType = sourcecode.swift; path = "UINavigationController extensions.swift"; sourceTree = "<group>"; };
		80CF91C18EA7379767FF72E9 /* Pods-to-do-list.release.xcconfig */ = {isa = PBXFileReference; includeInIndex = 1; lastKnownFileType = text.xcconfig; name = "Pods-to-do-list.release.xcconfig"; path = "Target Support Files/Pods-to-do-list/Pods-to-do-list.release.xcconfig"; sourceTree = "<group>"; };
		EBCB77ED85E5EA875448AB8B /* Pods_to_do_list.framework */ = {isa = PBXFileReference; explicitFileType = wrapper.framework; includeInIndex = 0; path = Pods_to_do_list.framework; sourceTree = BUILT_PRODUCTS_DIR; };
		F20F3C79C735BCDD31D486C3 /* Pods-to-do-list.debug.xcconfig */ = {isa = PBXFileReference; includeInIndex = 1; lastKnownFileType = text.xcconfig; name = "Pods-to-do-list.debug.xcconfig"; path = "Target Support Files/Pods-to-do-list/Pods-to-do-list.debug.xcconfig"; sourceTree = "<group>"; };
/* End PBXFileReference section */

/* Begin PBXFrameworksBuildPhase section */
		6730C1A7269D6935005A5297 /* Frameworks */ = {
			isa = PBXFrameworksBuildPhase;
			buildActionMask = 2147483647;
			files = (
				9C554772B9A35BD48127FAEA /* Pods_to_do_list.framework in Frameworks */,
			);
			runOnlyForDeploymentPostprocessing = 0;
		};
/* End PBXFrameworksBuildPhase section */

/* Begin PBXGroup section */
		16E8D1CA8FE156506ADC6AA5 /* Pods */ = {
			isa = PBXGroup;
			children = (
				F20F3C79C735BCDD31D486C3 /* Pods-to-do-list.debug.xcconfig */,
				80CF91C18EA7379767FF72E9 /* Pods-to-do-list.release.xcconfig */,
			);
			path = Pods;
			sourceTree = "<group>";
		};
		671B3B3526A5756F00E8E589 /* ListsChoise */ = {
			isa = PBXGroup;
			children = (
				671B3B3626A5759300E8E589 /* ListsChoiseController.swift */,
				671B3B3826A57C2200E8E589 /* ListsChoisePresenter.swift */,
			);
			path = ListsChoise;
			sourceTree = "<group>";
		};
		6730C1A1269D6934005A5297 = {
			isa = PBXGroup;
			children = (
				6730C1AC269D6935005A5297 /* to-do-list */,
				6730C1AB269D6935005A5297 /* Products */,
				16E8D1CA8FE156506ADC6AA5 /* Pods */,
				EF9FA0E3CBACC23EB54D973D /* Frameworks */,
			);
			sourceTree = "<group>";
		};
		6730C1AB269D6935005A5297 /* Products */ = {
			isa = PBXGroup;
			children = (
				6730C1AA269D6935005A5297 /* to-do-list.app */,
			);
			name = Products;
			sourceTree = "<group>";
		};
		6730C1AC269D6935005A5297 /* to-do-list */ = {
			isa = PBXGroup;
			children = (
				6730C1AD269D6935005A5297 /* AppDelegate.swift */,
				6730C1AF269D6935005A5297 /* SceneDelegate.swift */,
				6730C1BB269D693C005A5297 /* Info.plist */,
				6743FC86269D944500CAFA15 /* AssemblyModuleBuilder.swift */,
				6743FC7F269D858400CAFA15 /* Coordinators */,
				67F9409026A0553600DF50AB /* TaskSearch */,
				6730C1C8269D6FE1005A5297 /* Lists */,
				67331CAD269ED24A007A2948 /* NewList */,
				673815C626A5A62B00CACF1A /* Reminder */,
				6743FC88269DA12200CAFA15 /* Tasks */,
				67D0833526A2CB620028ECCD /* EditTask */,
				67F9408926A0472D00DF50AB /* NewTask */,
				671B3B3526A5756F00E8E589 /* ListsChoise */,
				6730C1C1269D69DE005A5297 /* Resources */,
			);
			path = "to-do-list";
			sourceTree = "<group>";
		};
		6730C1C1269D69DE005A5297 /* Resources */ = {
			isa = PBXGroup;
			children = (
				6748CBFE26A1ADE000C044DA /* CustomPresentationController */,
				67331CAA269ECB7C007A2948 /* Managers */,
				67331CA7269ECB2A007A2948 /* Services */,
				6730C1C5269D6A29005A5297 /* Data */,
				6730C1C2269D69FA005A5297 /* Extensions */,
				6730C1B6269D693C005A5297 /* Assets.xcassets */,
				6730C1B8269D693C005A5297 /* LaunchScreen.storyboard */,
			);
			path = Resources;
			sourceTree = "<group>";
		};
		6730C1C2269D69FA005A5297 /* Extensions */ = {
			isa = PBXGroup;
			children = (
				67F9409926A0762900DF50AB /* UINavigationController extensions.swift */,
				6730C1C3269D6A1A005A5297 /* UIView extensions.swift */,
			);
			path = Extensions;
			sourceTree = "<group>";
		};
		6730C1C5269D6A29005A5297 /* Data */ = {
			isa = PBXGroup;
			children = (
				6730C1C6269D6A38005A5297 /* Color.swift */,
				6748CBFF26A1CEA200C044DA /* Image.swift */,
			);
			path = Data;
			sourceTree = "<group>";
		};
		6730C1C8269D6FE1005A5297 /* Lists */ = {
			isa = PBXGroup;
			children = (
				6730C1C9269D70EC005A5297 /* ListModel.swift */,
				6730C1B1269D6935005A5297 /* ListsController.swift */,
				6743FC84269D934000CAFA15 /* ListsPresenter.swift */,
			);
			path = Lists;
			sourceTree = "<group>";
		};
		67331CA7269ECB2A007A2948 /* Services */ = {
			isa = PBXGroup;
			children = (
				67331CA8269ECB46007A2948 /* RealmService.swift */,
			);
			path = Services;
			sourceTree = "<group>";
		};
		67331CAA269ECB7C007A2948 /* Managers */ = {
			isa = PBXGroup;
			children = (
				67331CAB269ECBBE007A2948 /* DataManager.swift */,
			);
			path = Managers;
			sourceTree = "<group>";
		};
		67331CAD269ED24A007A2948 /* NewList */ = {
			isa = PBXGroup;
			children = (
				67331CB6269EDB97007A2948 /* Model */,
				67331CAE269ED26E007A2948 /* NewListController.swift */,
				67331CB2269ED544007A2948 /* TextFieldCell.swift */,
				67331CB0269ED280007A2948 /* NewListPresenter.swift */,
			);
			path = NewList;
			sourceTree = "<group>";
		};
		67331CB6269EDB97007A2948 /* Model */ = {
			isa = PBXGroup;
			children = (
				67331CB7269EDBAC007A2948 /* NewListSection.swift */,
			);
			path = Model;
			sourceTree = "<group>";
		};
		673815C626A5A62B00CACF1A /* Reminder */ = {
			isa = PBXGroup;
			children = (
				673815C726A5A65C00CACF1A /* ReminderController.swift */,
				673815CB26A5B00000CACF1A /* ReminderPresenter.swift */,
				673815D026A5C39200CACF1A /* NotificationManager.swift */,
			);
			path = Reminder;
			sourceTree = "<group>";
		};
		6743FC7F269D858400CAFA15 /* Coordinators */ = {
			isa = PBXGroup;
			children = (
				6743FC7D269D83A900CAFA15 /* Coordinator.swift */,
				6743FC82269D862400CAFA15 /* AppCoordinator.swift */,
				6743FC80269D861400CAFA15 /* ListsCoordinator.swift */,
				67331CB4269ED875007A2948 /* NewListCoordinator.swift */,
				6743FC8D269DA2CE00CAFA15 /* TasksCoordinator.swift */,
				67F9408C26A0499000DF50AB /* NewTaskCoordinator.swift */,
				67F9409526A05D3E00DF50AB /* TaskSearchCoordinator.swift */,
				67D0833A26A2D5390028ECCD /* EditTaskCoordinator.swift */,
				671B3B3A26A57CD100E8E589 /* ListsChoiseCoordinator.swift */,
				673815C926A5AF3F00CACF1A /* ReminderCoordinator.swift */,
			);
			path = Coordinators;
			sourceTree = "<group>";
		};
		6743FC88269DA12200CAFA15 /* Tasks */ = {
			isa = PBXGroup;
			children = (
				6743FC97269DD82E00CAFA15 /* Model */,
				6743FC89269DA14B00CAFA15 /* TasksController.swift */,
				6743FC93269DC22800CAFA15 /* TaskCell.swift */,
				6743FC8F269DA59E00CAFA15 /* TasksPresenter.swift */,
			);
			path = Tasks;
			sourceTree = "<group>";
		};
		6743FC97269DD82E00CAFA15 /* Model */ = {
			isa = PBXGroup;
			children = (
				6743FC95269DC4BB00CAFA15 /* TasksSection.swift */,
				6743FC8B269DA1DA00CAFA15 /* Task.swift */,
				673815CE26A5C32500CACF1A /* Reminder.swift */,
			);
			path = Model;
			sourceTree = "<group>";
		};
		6748CBFE26A1ADE000C044DA /* CustomPresentationController */ = {
			isa = PBXGroup;
			children = (
				67F9409726A0748C00DF50AB /* CustomPresentationController.swift */,
			);
			path = CustomPresentationController;
			sourceTree = "<group>";
		};
		67D0833526A2CB620028ECCD /* EditTask */ = {
			isa = PBXGroup;
			children = (
				67D0833626A2CB8F0028ECCD /* EditTaskController.swift */,
				67D0833826A2D49E0028ECCD /* EditTaskPresenter.swift */,
				677F51D626A4461F002B943B /* EditTaskSection.swift */,
				677F51D826A44A26002B943B /* EditTaskTextFieldCell.swift */,
				677F51DA26A44BD0002B943B /* EditTaskTextViewCell.swift */,
			);
			path = EditTask;
			sourceTree = "<group>";
		};
		67F9408926A0472D00DF50AB /* NewTask */ = {
			isa = PBXGroup;
			children = (
				67F9408A26A0474300DF50AB /* NewTaskController.swift */,
				67F9408E26A04A7C00DF50AB /* NewTaskPresenter.swift */,
			);
			path = NewTask;
			sourceTree = "<group>";
		};
		67F9409026A0553600DF50AB /* TaskSearch */ = {
			isa = PBXGroup;
			children = (
				67F9409126A0555700DF50AB /* TaskSearchController.swift */,
				67F9409326A05C7300DF50AB /* TaskSearchPresenter.swift */,
			);
			path = TaskSearch;
			sourceTree = "<group>";
		};
		EF9FA0E3CBACC23EB54D973D /* Frameworks */ = {
			isa = PBXGroup;
			children = (
				EBCB77ED85E5EA875448AB8B /* Pods_to_do_list.framework */,
			);
			name = Frameworks;
			sourceTree = "<group>";
		};
/* End PBXGroup section */

/* Begin PBXNativeTarget section */
		6730C1A9269D6935005A5297 /* to-do-list */ = {
			isa = PBXNativeTarget;
			buildConfigurationList = 6730C1BE269D693C005A5297 /* Build configuration list for PBXNativeTarget "to-do-list" */;
			buildPhases = (
				CC5CA757218599EC387BE75F /* [CP] Check Pods Manifest.lock */,
				6730C1A6269D6935005A5297 /* Sources */,
				6730C1A7269D6935005A5297 /* Frameworks */,
				6730C1A8269D6935005A5297 /* Resources */,
				0872D5E8516CE9DF05B73CC9 /* [CP] Embed Pods Frameworks */,
			);
			buildRules = (
			);
			dependencies = (
			);
			name = "to-do-list";
			productName = "to-do-list";
			productReference = 6730C1AA269D6935005A5297 /* to-do-list.app */;
			productType = "com.apple.product-type.application";
		};
/* End PBXNativeTarget section */

/* Begin PBXProject section */
		6730C1A2269D6935005A5297 /* Project object */ = {
			isa = PBXProject;
			attributes = {
				LastSwiftUpdateCheck = 1170;
				LastUpgradeCheck = 1170;
				ORGANIZATIONNAME = vlsuv;
				TargetAttributes = {
					6730C1A9269D6935005A5297 = {
						CreatedOnToolsVersion = 11.7;
					};
				};
			};
			buildConfigurationList = 6730C1A5269D6935005A5297 /* Build configuration list for PBXProject "to-do-list" */;
			compatibilityVersion = "Xcode 9.3";
			developmentRegion = en;
			hasScannedForEncodings = 0;
			knownRegions = (
				en,
				Base,
			);
			mainGroup = 6730C1A1269D6934005A5297;
			productRefGroup = 6730C1AB269D6935005A5297 /* Products */;
			projectDirPath = "";
			projectRoot = "";
			targets = (
				6730C1A9269D6935005A5297 /* to-do-list */,
			);
		};
/* End PBXProject section */

/* Begin PBXResourcesBuildPhase section */
		6730C1A8269D6935005A5297 /* Resources */ = {
			isa = PBXResourcesBuildPhase;
			buildActionMask = 2147483647;
			files = (
				6730C1BA269D693C005A5297 /* LaunchScreen.storyboard in Resources */,
				6730C1B7269D693C005A5297 /* Assets.xcassets in Resources */,
			);
			runOnlyForDeploymentPostprocessing = 0;
		};
/* End PBXResourcesBuildPhase section */

/* Begin PBXShellScriptBuildPhase section */
		0872D5E8516CE9DF05B73CC9 /* [CP] Embed Pods Frameworks */ = {
			isa = PBXShellScriptBuildPhase;
			buildActionMask = 2147483647;
			files = (
			);
			inputFileListPaths = (
				"${PODS_ROOT}/Target Support Files/Pods-to-do-list/Pods-to-do-list-frameworks-${CONFIGURATION}-input-files.xcfilelist",
			);
			name = "[CP] Embed Pods Frameworks";
			outputFileListPaths = (
				"${PODS_ROOT}/Target Support Files/Pods-to-do-list/Pods-to-do-list-frameworks-${CONFIGURATION}-output-files.xcfilelist",
			);
			runOnlyForDeploymentPostprocessing = 0;
			shellPath = /bin/sh;
			shellScript = "\"${PODS_ROOT}/Target Support Files/Pods-to-do-list/Pods-to-do-list-frameworks.sh\"\n";
			showEnvVarsInLog = 0;
		};
		CC5CA757218599EC387BE75F /* [CP] Check Pods Manifest.lock */ = {
			isa = PBXShellScriptBuildPhase;
			buildActionMask = 2147483647;
			files = (
			);
			inputFileListPaths = (
			);
			inputPaths = (
				"${PODS_PODFILE_DIR_PATH}/Podfile.lock",
				"${PODS_ROOT}/Manifest.lock",
			);
			name = "[CP] Check Pods Manifest.lock";
			outputFileListPaths = (
			);
			outputPaths = (
				"$(DERIVED_FILE_DIR)/Pods-to-do-list-checkManifestLockResult.txt",
			);
			runOnlyForDeploymentPostprocessing = 0;
			shellPath = /bin/sh;
			shellScript = "diff \"${PODS_PODFILE_DIR_PATH}/Podfile.lock\" \"${PODS_ROOT}/Manifest.lock\" > /dev/null\nif [ $? != 0 ] ; then\n    # print error to STDERR\n    echo \"error: The sandbox is not in sync with the Podfile.lock. Run 'pod install' or update your CocoaPods installation.\" >&2\n    exit 1\nfi\n# This output is used by Xcode 'outputs' to avoid re-running this script phase.\necho \"SUCCESS\" > \"${SCRIPT_OUTPUT_FILE_0}\"\n";
			showEnvVarsInLog = 0;
		};
/* End PBXShellScriptBuildPhase section */

/* Begin PBXSourcesBuildPhase section */
		6730C1A6269D6935005A5297 /* Sources */ = {
			isa = PBXSourcesBuildPhase;
			buildActionMask = 2147483647;
			files = (
				6743FC81269D861400CAFA15 /* ListsCoordinator.swift in Sources */,
				67F9408F26A04A7C00DF50AB /* NewTaskPresenter.swift in Sources */,
				6743FC8E269DA2CE00CAFA15 /* TasksCoordinator.swift in Sources */,
				673815CF26A5C32600CACF1A /* Reminder.swift in Sources */,
				67331CB8269EDBAC007A2948 /* NewListSection.swift in Sources */,
				67F9409A26A0762900DF50AB /* UINavigationController extensions.swift in Sources */,
				67F9408B26A0474300DF50AB /* NewTaskController.swift in Sources */,
				6730C1B2269D6935005A5297 /* ListsController.swift in Sources */,
				6730C1AE269D6935005A5297 /* AppDelegate.swift in Sources */,
				677F51DB26A44BD0002B943B /* EditTaskTextViewCell.swift in Sources */,
				67331CB1269ED280007A2948 /* NewListPresenter.swift in Sources */,
				6743FC96269DC4BB00CAFA15 /* TasksSection.swift in Sources */,
				67D0833926A2D49E0028ECCD /* EditTaskPresenter.swift in Sources */,
				6730C1B0269D6935005A5297 /* SceneDelegate.swift in Sources */,
				67F9409826A0748C00DF50AB /* CustomPresentationController.swift in Sources */,
				6743FC85269D934000CAFA15 /* ListsPresenter.swift in Sources */,
				67F9409626A05D3E00DF50AB /* TaskSearchCoordinator.swift in Sources */,
				6743FC90269DA59F00CAFA15 /* TasksPresenter.swift in Sources */,
				67331CAF269ED26E007A2948 /* NewListController.swift in Sources */,
				6743FC7E269D83A900CAFA15 /* Coordinator.swift in Sources */,
				67F9409226A0555700DF50AB /* TaskSearchController.swift in Sources */,
				6743FC87269D944500CAFA15 /* AssemblyModuleBuilder.swift in Sources */,
				67F9408D26A0499000DF50AB /* NewTaskCoordinator.swift in Sources */,
				6730C1C7269D6A38005A5297 /* Color.swift in Sources */,
				67331CB3269ED544007A2948 /* TextFieldCell.swift in Sources */,
				67331CB5269ED875007A2948 /* NewListCoordinator.swift in Sources */,
				67F9409426A05C7300DF50AB /* TaskSearchPresenter.swift in Sources */,
				6743FC8C269DA1DA00CAFA15 /* Task.swift in Sources */,
				671B3B3926A57C2200E8E589 /* ListsChoisePresenter.swift in Sources */,
				6743FC83269D862400CAFA15 /* AppCoordinator.swift in Sources */,
				677F51D726A4461F002B943B /* EditTaskSection.swift in Sources */,
				673815C826A5A65C00CACF1A /* ReminderController.swift in Sources */,
				677F51D926A44A26002B943B /* EditTaskTextFieldCell.swift in Sources */,
				671B3B3B26A57CD100E8E589 /* ListsChoiseCoordinator.swift in Sources */,
				67D0833726A2CB8F0028ECCD /* EditTaskController.swift in Sources */,
				67331CA9269ECB46007A2948 /* RealmService.swift in Sources */,
				67D0833B26A2D5390028ECCD /* EditTaskCoordinator.swift in Sources */,
				67331CAC269ECBBE007A2948 /* DataManager.swift in Sources */,
				6743FC94269DC22800CAFA15 /* TaskCell.swift in Sources */,
				6730C1C4269D6A1A005A5297 /* UIView extensions.swift in Sources */,
				673815CC26A5B00000CACF1A /* ReminderPresenter.swift in Sources */,
				671B3B3726A5759400E8E589 /* ListsChoiseController.swift in Sources */,
				673815D126A5C39200CACF1A /* NotificationManager.swift in Sources */,
				6743FC8A269DA14B00CAFA15 /* TasksController.swift in Sources */,
				6748CC0026A1CEA200C044DA /* Image.swift in Sources */,
				673815CA26A5AF3F00CACF1A /* ReminderCoordinator.swift in Sources */,
				6730C1CA269D70EC005A5297 /* ListModel.swift in Sources */,
			);
			runOnlyForDeploymentPostprocessing = 0;
		};
/* End PBXSourcesBuildPhase section */

/* Begin PBXVariantGroup section */
		6730C1B8269D693C005A5297 /* LaunchScreen.storyboard */ = {
			isa = PBXVariantGroup;
			children = (
				6730C1B9269D693C005A5297 /* Base */,
			);
			name = LaunchScreen.storyboard;
			sourceTree = "<group>";
		};
/* End PBXVariantGroup section */

/* Begin XCBuildConfiguration section */
		6730C1BC269D693C005A5297 /* Debug */ = {
			isa = XCBuildConfiguration;
			buildSettings = {
				ALWAYS_SEARCH_USER_PATHS = NO;
				CLANG_ANALYZER_NONNULL = YES;
				CLANG_ANALYZER_NUMBER_OBJECT_CONVERSION = YES_AGGRESSIVE;
				CLANG_CXX_LANGUAGE_STANDARD = "gnu++14";
				CLANG_CXX_LIBRARY = "libc++";
				CLANG_ENABLE_MODULES = YES;
				CLANG_ENABLE_OBJC_ARC = YES;
				CLANG_ENABLE_OBJC_WEAK = YES;
				CLANG_WARN_BLOCK_CAPTURE_AUTORELEASING = YES;
				CLANG_WARN_BOOL_CONVERSION = YES;
				CLANG_WARN_COMMA = YES;
				CLANG_WARN_CONSTANT_CONVERSION = YES;
				CLANG_WARN_DEPRECATED_OBJC_IMPLEMENTATIONS = YES;
				CLANG_WARN_DIRECT_OBJC_ISA_USAGE = YES_ERROR;
				CLANG_WARN_DOCUMENTATION_COMMENTS = YES;
				CLANG_WARN_EMPTY_BODY = YES;
				CLANG_WARN_ENUM_CONVERSION = YES;
				CLANG_WARN_INFINITE_RECURSION = YES;
				CLANG_WARN_INT_CONVERSION = YES;
				CLANG_WARN_NON_LITERAL_NULL_CONVERSION = YES;
				CLANG_WARN_OBJC_IMPLICIT_RETAIN_SELF = YES;
				CLANG_WARN_OBJC_LITERAL_CONVERSION = YES;
				CLANG_WARN_OBJC_ROOT_CLASS = YES_ERROR;
				CLANG_WARN_RANGE_LOOP_ANALYSIS = YES;
				CLANG_WARN_STRICT_PROTOTYPES = YES;
				CLANG_WARN_SUSPICIOUS_MOVE = YES;
				CLANG_WARN_UNGUARDED_AVAILABILITY = YES_AGGRESSIVE;
				CLANG_WARN_UNREACHABLE_CODE = YES;
				CLANG_WARN__DUPLICATE_METHOD_MATCH = YES;
				COPY_PHASE_STRIP = NO;
				DEBUG_INFORMATION_FORMAT = dwarf;
				ENABLE_STRICT_OBJC_MSGSEND = YES;
				ENABLE_TESTABILITY = YES;
				GCC_C_LANGUAGE_STANDARD = gnu11;
				GCC_DYNAMIC_NO_PIC = NO;
				GCC_NO_COMMON_BLOCKS = YES;
				GCC_OPTIMIZATION_LEVEL = 0;
				GCC_PREPROCESSOR_DEFINITIONS = (
					"DEBUG=1",
					"$(inherited)",
				);
				GCC_WARN_64_TO_32_BIT_CONVERSION = YES;
				GCC_WARN_ABOUT_RETURN_TYPE = YES_ERROR;
				GCC_WARN_UNDECLARED_SELECTOR = YES;
				GCC_WARN_UNINITIALIZED_AUTOS = YES_AGGRESSIVE;
				GCC_WARN_UNUSED_FUNCTION = YES;
				GCC_WARN_UNUSED_VARIABLE = YES;
				IPHONEOS_DEPLOYMENT_TARGET = 13.7;
				MTL_ENABLE_DEBUG_INFO = INCLUDE_SOURCE;
				MTL_FAST_MATH = YES;
				ONLY_ACTIVE_ARCH = YES;
				SDKROOT = iphoneos;
				SWIFT_ACTIVE_COMPILATION_CONDITIONS = DEBUG;
				SWIFT_OPTIMIZATION_LEVEL = "-Onone";
			};
			name = Debug;
		};
		6730C1BD269D693C005A5297 /* Release */ = {
			isa = XCBuildConfiguration;
			buildSettings = {
				ALWAYS_SEARCH_USER_PATHS = NO;
				CLANG_ANALYZER_NONNULL = YES;
				CLANG_ANALYZER_NUMBER_OBJECT_CONVERSION = YES_AGGRESSIVE;
				CLANG_CXX_LANGUAGE_STANDARD = "gnu++14";
				CLANG_CXX_LIBRARY = "libc++";
				CLANG_ENABLE_MODULES = YES;
				CLANG_ENABLE_OBJC_ARC = YES;
				CLANG_ENABLE_OBJC_WEAK = YES;
				CLANG_WARN_BLOCK_CAPTURE_AUTORELEASING = YES;
				CLANG_WARN_BOOL_CONVERSION = YES;
				CLANG_WARN_COMMA = YES;
				CLANG_WARN_CONSTANT_CONVERSION = YES;
				CLANG_WARN_DEPRECATED_OBJC_IMPLEMENTATIONS = YES;
				CLANG_WARN_DIRECT_OBJC_ISA_USAGE = YES_ERROR;
				CLANG_WARN_DOCUMENTATION_COMMENTS = YES;
				CLANG_WARN_EMPTY_BODY = YES;
				CLANG_WARN_ENUM_CONVERSION = YES;
				CLANG_WARN_INFINITE_RECURSION = YES;
				CLANG_WARN_INT_CONVERSION = YES;
				CLANG_WARN_NON_LITERAL_NULL_CONVERSION = YES;
				CLANG_WARN_OBJC_IMPLICIT_RETAIN_SELF = YES;
				CLANG_WARN_OBJC_LITERAL_CONVERSION = YES;
				CLANG_WARN_OBJC_ROOT_CLASS = YES_ERROR;
				CLANG_WARN_RANGE_LOOP_ANALYSIS = YES;
				CLANG_WARN_STRICT_PROTOTYPES = YES;
				CLANG_WARN_SUSPICIOUS_MOVE = YES;
				CLANG_WARN_UNGUARDED_AVAILABILITY = YES_AGGRESSIVE;
				CLANG_WARN_UNREACHABLE_CODE = YES;
				CLANG_WARN__DUPLICATE_METHOD_MATCH = YES;
				COPY_PHASE_STRIP = NO;
				DEBUG_INFORMATION_FORMAT = "dwarf-with-dsym";
				ENABLE_NS_ASSERTIONS = NO;
				ENABLE_STRICT_OBJC_MSGSEND = YES;
				GCC_C_LANGUAGE_STANDARD = gnu11;
				GCC_NO_COMMON_BLOCKS = YES;
				GCC_WARN_64_TO_32_BIT_CONVERSION = YES;
				GCC_WARN_ABOUT_RETURN_TYPE = YES_ERROR;
				GCC_WARN_UNDECLARED_SELECTOR = YES;
				GCC_WARN_UNINITIALIZED_AUTOS = YES_AGGRESSIVE;
				GCC_WARN_UNUSED_FUNCTION = YES;
				GCC_WARN_UNUSED_VARIABLE = YES;
				IPHONEOS_DEPLOYMENT_TARGET = 13.7;
				MTL_ENABLE_DEBUG_INFO = NO;
				MTL_FAST_MATH = YES;
				SDKROOT = iphoneos;
				SWIFT_COMPILATION_MODE = wholemodule;
				SWIFT_OPTIMIZATION_LEVEL = "-O";
				VALIDATE_PRODUCT = YES;
			};
			name = Release;
		};
		6730C1BF269D693C005A5297 /* Debug */ = {
			isa = XCBuildConfiguration;
			baseConfigurationReference = F20F3C79C735BCDD31D486C3 /* Pods-to-do-list.debug.xcconfig */;
			buildSettings = {
				ASSETCATALOG_COMPILER_APPICON_NAME = AppIcon;
				CODE_SIGN_STYLE = Automatic;
				DEVELOPMENT_TEAM = MWFAWW6L55;
				INFOPLIST_FILE = "to-do-list/Info.plist";
				LD_RUNPATH_SEARCH_PATHS = (
					"$(inherited)",
					"@executable_path/Frameworks",
				);
				PRODUCT_BUNDLE_IDENTIFIER = "vlsuv.to-do-list";
				PRODUCT_NAME = "$(TARGET_NAME)";
				SWIFT_VERSION = 5.0;
				TARGETED_DEVICE_FAMILY = 1;
			};
			name = Debug;
		};
		6730C1C0269D693C005A5297 /* Release */ = {
			isa = XCBuildConfiguration;
			baseConfigurationReference = 80CF91C18EA7379767FF72E9 /* Pods-to-do-list.release.xcconfig */;
			buildSettings = {
				ASSETCATALOG_COMPILER_APPICON_NAME = AppIcon;
				CODE_SIGN_STYLE = Automatic;
				DEVELOPMENT_TEAM = MWFAWW6L55;
				INFOPLIST_FILE = "to-do-list/Info.plist";
				LD_RUNPATH_SEARCH_PATHS = (
					"$(inherited)",
					"@executable_path/Frameworks",
				);
				PRODUCT_BUNDLE_IDENTIFIER = "vlsuv.to-do-list";
				PRODUCT_NAME = "$(TARGET_NAME)";
				SWIFT_VERSION = 5.0;
				TARGETED_DEVICE_FAMILY = 1;
			};
			name = Release;
		};
/* End XCBuildConfiguration section */

/* Begin XCConfigurationList section */
		6730C1A5269D6935005A5297 /* Build configuration list for PBXProject "to-do-list" */ = {
			isa = XCConfigurationList;
			buildConfigurations = (
				6730C1BC269D693C005A5297 /* Debug */,
				6730C1BD269D693C005A5297 /* Release */,
			);
			defaultConfigurationIsVisible = 0;
			defaultConfigurationName = Release;
		};
		6730C1BE269D693C005A5297 /* Build configuration list for PBXNativeTarget "to-do-list" */ = {
			isa = XCConfigurationList;
			buildConfigurations = (
				6730C1BF269D693C005A5297 /* Debug */,
				6730C1C0269D693C005A5297 /* Release */,
			);
			defaultConfigurationIsVisible = 0;
			defaultConfigurationName = Release;
		};
/* End XCConfigurationList section */
	};
	rootObject = 6730C1A2269D6935005A5297 /* Project object */;
}
